
Microsoft Visual Studio Solution File, Format Version 12.00
# Visual Studio Version 17
VisualStudioVersion = 17.8.34330.188
MinimumVisualStudioVersion = 10.0.40219.1
Project("{FAE04EC0-301F-11D3-BF4B-00C04F79EFBC}") = "iOSApp1", "iOSApp1\iOSApp1.csproj", "{94F5B28C-B339-4327-A098-F444BAE7527B}"
EndProject
Global
	GlobalSection(SolutionConfigurationPlatforms) = preSolution
		Debug|Any CPU = Debug|Any CPU
		Release|Any CPU = Release|Any CPU
	EndGlobalSection
	GlobalSection(ProjectConfigurationPlatforms) = postSolution
		{94F5B28C-B339-4327-A098-F444BAE7527B}.Debug|Any CPU.ActiveCfg = Debug|Any CPU
		{94F5B28C-B339-4327-A098-F444BAE7527B}.Debug|Any CPU.Build.0 = Debug|Any CPU
		{94F5B28C-B339-4327-A098-F444BAE7527B}.Debug|Any CPU.Deploy.0 = Debug|Any CPU
		{94F5B28C-B339-4327-A098-F444BAE7527B}.Release|Any CPU.ActiveCfg = Release|Any CPU
		{94F5B28C-B339-4327-A098-F444BAE7527B}.Release|Any CPU.Build.0 = Release|Any CPU
		{94F5B28C-B339-4327-A098-F444BAE7527B}.Release|Any CPU.Deploy.0 = Release|Any CPU
	EndGlobalSection
	GlobalSection(SolutionProperties) = preSolution
		HideSolutionNode = FALSE
	EndGlobalSection
	GlobalSection(ExtensibilityGlobals) = postSolution
		SolutionGuid = {F72AEB34-6175-4897-B490-1243CCEFC157}
	EndGlobalSection
EndGlobal
